PODS:
  - GPEngine (2.2.0):
    - GPEngine/Core (= 2.2.0)
  - GPEngine/Core (2.2.0):
    - GPEngine/GPEngine
  - GPEngine/GPEngine (2.2.0)
  - GPEngine/Serialization (2.2.0):
    - GPEngine/GPEngine
    - SwiftyJSON
  - SwiftyJSON (3.1.4)

DEPENDENCIES:
  - GPEngine (from `../`)
  - GPEngine/Serialization (from `../`)

EXTERNAL SOURCES:
  GPEngine:
    :path: "../"

SPEC CHECKSUMS:
  GPEngine: 6e963ff1c0940e6908aa37864d928ae09fbfe95b
  SwiftyJSON: c2842d878f95482ffceec5709abc3d05680c0220

PODFILE CHECKSUM: 7241209671f4d499c0f7cff762f4b18dc378b537

COCOAPODS: 1.2.0
