PODS:
  - GPEngine (1.3.1):
    - SwiftyJSON
  - SwiftyJSON (3.1.4)

DEPENDENCIES:
  - GPEngine (from `../`)

EXTERNAL SOURCES:
  GPEngine:
    :path: "../"

SPEC CHECKSUMS:
  GPEngine: 4cbef7f7f3453d92b88c13141bd0b9f2c3298447
  SwiftyJSON: c2842d878f95482ffceec5709abc3d05680c0220

PODFILE CHECKSUM: b93f7be70ac60d2d8fd0aea6995017035a50fdbd

COCOAPODS: 1.2.0
