PODS:
  - GPEngine (2.3.1):
    - GPEngine/Core (= 2.3.1)
  - GPEngine/Core (2.3.1):
    - GPEngine/GPEngine
  - GPEngine/GPEngine (2.3.1)
  - GPEngine/Serialization (2.3.1):
    - GPEngine/GPEngine
    - SwiftyJSON
  - SwiftyJSON (3.1.4)

DEPENDENCIES:
  - GPEngine (from `../`)
  - GPEngine/Serialization (from `../`)

SPEC REPOS:
  https://github.com/cocoapods/specs.git:
    - SwiftyJSON

EXTERNAL SOURCES:
  GPEngine:
    :path: "../"

SPEC CHECKSUMS:
  GPEngine: d1f7fe0fe756cd3a8c800978000a7f6fdc9311af
  SwiftyJSON: c2842d878f95482ffceec5709abc3d05680c0220

PODFILE CHECKSUM: 8d1ae6ab0d70226de51457955ed2666707777a04

COCOAPODS: 1.6.0.beta.1
